# This file is automatically @generated by Cargo.
# It is not intended for manual editing.
version = 4

[[package]]
name = "flatbt"
version = "0.1.0"
dependencies = [
 "flatbt-core",
 "flatbt-nodes",
 "flatbt-scope",
]

[[package]]
name = "flatbt-core"
version = "0.1.0"

[[package]]
name = "flatbt-nodes"
version = "0.1.0"
dependencies = [
 "flatbt-core",
]

[[package]]
name = "flatbt-scope"
version = "0.1.0"
dependencies = [
 "flatbt-core",
]
